// !$*UTF8*$!
{
	archiveVersion = 1;
	classes = {
	};
	objectVersion = 56;
	objects = {

/* Begin PBXBuildFile section */
		7611D5802C73C16B00BC5B26 /* boop.mp3 in Resources */ = {isa = PBXBuildFile; fileRef = 7611D57F2C73C16B00BC5B26 /* boop.mp3 */; };
		7611D5822C73C1BE00BC5B26 /* knock_brush.mp3 in Resources */ = {isa = PBXBuildFile; fileRef = 7611D5812C73C1BE00BC5B26 /* knock_brush.mp3 */; };
		7611D5892C73CB8900BC5B26 /* cat.mp3 in Resources */ = {isa = PBXBuildFile; fileRef = 7611D5862C73CB8900BC5B26 /* cat.mp3 */; };
		7611D58A2C73CB8900BC5B26 /* dog.mp3 in Resources */ = {isa = PBXBuildFile; fileRef = 7611D5872C73CB8900BC5B26 /* dog.mp3 */; };
		7611D58B2C73CB8900BC5B26 /* siren.mp3 in Resources */ = {isa = PBXBuildFile; fileRef = 7611D5882C73CB8900BC5B26 /* siren.mp3 */; };
		765E85342C69CFC900F928D7 /* CodeConvention.md in Resources */ = {isa = PBXBuildFile; fileRef = 765E85332C69CFC900F928D7 /* CodeConvention.md */; };
		765E85362C69CFD900F928D7 /* CommitConvention.md in Resources */ = {isa = PBXBuildFile; fileRef = 765E85352C69CFD900F928D7 /* CommitConvention.md */; };
		765E853B2C6A87F900F928D7 /* NotificationManager.swift in Sources */ = {isa = PBXBuildFile; fileRef = 765E853A2C6A87F900F928D7 /* NotificationManager.swift */; };
		765E853D2C6B443500F928D7 /* TestNotificationViewController.swift in Sources */ = {isa = PBXBuildFile; fileRef = 765E853C2C6B443500F928D7 /* TestNotificationViewController.swift */; };
		765E85452C6B5EDD00F928D7 /* hummus.mp3 in Resources */ = {isa = PBXBuildFile; fileRef = 765E85442C6B5EDD00F928D7 /* hummus.mp3 */; };
		765E854B2C6C33C400F928D7 /* AppDelegate.swift in Sources */ = {isa = PBXBuildFile; fileRef = 766E17442C69C7C7004C0163 /* AppDelegate.swift */; };
		766E17492C69C7C7004C0163 /* TabBarController.swift in Sources */ = {isa = PBXBuildFile; fileRef = 766E17482C69C7C7004C0163 /* TabBarController.swift */; };
		766E174E2C69C7C9004C0163 /* Assets.xcassets in Resources */ = {isa = PBXBuildFile; fileRef = 766E174D2C69C7C9004C0163 /* Assets.xcassets */; };
		766E17512C69C7C9004C0163 /* Base in Resources */ = {isa = PBXBuildFile; fileRef = 766E17502C69C7C9004C0163 /* Base */; };
		766E175C2C69C7C9004C0163 /* KimnJangWatchTests.swift in Sources */ = {isa = PBXBuildFile; fileRef = 766E175B2C69C7C9004C0163 /* KimnJangWatchTests.swift */; };
		766E17822C69C9FB004C0163 /* SnapKit in Frameworks */ = {isa = PBXBuildFile; productRef = 766E17812C69C9FB004C0163 /* SnapKit */; };
		766E17852C69CA28004C0163 /* RxCocoa in Frameworks */ = {isa = PBXBuildFile; productRef = 766E17842C69CA28004C0163 /* RxCocoa */; };
		766E17872C69CA28004C0163 /* RxRelay in Frameworks */ = {isa = PBXBuildFile; productRef = 766E17862C69CA28004C0163 /* RxRelay */; };
		766E17892C69CA28004C0163 /* RxSwift in Frameworks */ = {isa = PBXBuildFile; productRef = 766E17882C69CA28004C0163 /* RxSwift */; };
		766E178B2C69CA42004C0163 /* .gitignore in Resources */ = {isa = PBXBuildFile; fileRef = 766E178A2C69CA42004C0163 /* .gitignore */; };
		766E178D2C69CA4F004C0163 /* README.md in Resources */ = {isa = PBXBuildFile; fileRef = 766E178C2C69CA4F004C0163 /* README.md */; };
		766E178F2C69CBA2004C0163 /* UIColor+Extensions.swift in Sources */ = {isa = PBXBuildFile; fileRef = 766E178E2C69CBA2004C0163 /* UIColor+Extensions.swift */; };
		76D234FE2C70DD0E001F6DA4 /* TestNotificationViewModel.swift in Sources */ = {isa = PBXBuildFile; fileRef = 76D234FD2C70DD0E001F6DA4 /* TestNotificationViewModel.swift */; };
		76D234FF2C720114001F6DA4 /* TimerModel.swift in Sources */ = {isa = PBXBuildFile; fileRef = E797FDBD2C6F0F2C00D6ABE6 /* TimerModel.swift */; };
		76D235082C737071001F6DA4 /* AlarmData.xcdatamodeld in Sources */ = {isa = PBXBuildFile; fileRef = 76D235062C737071001F6DA4 /* AlarmData.xcdatamodeld */; };
		9FE1E0E72C69FE2F003C448E /* StopWatchController.swift in Sources */ = {isa = PBXBuildFile; fileRef = 9FE1E0E62C69FE2F003C448E /* StopWatchController.swift */; };
		9FE1E0E92C6B1A48003C448E /* StopWatchViewModel.swift in Sources */ = {isa = PBXBuildFile; fileRef = 9FE1E0E82C6B1A48003C448E /* StopWatchViewModel.swift */; };
		9FE1E0ED2C6C5A5A003C448E /* LapViewCell.swift in Sources */ = {isa = PBXBuildFile; fileRef = 9FE1E0EC2C6C5A5A003C448E /* LapViewCell.swift */; };
		DD0DC5362C6B16270090B1DF /* AddAlarmViewController.swift in Sources */ = {isa = PBXBuildFile; fileRef = DD0DC5352C6B16270090B1DF /* AddAlarmViewController.swift */; };
		DD0DC5382C6B34910090B1DF /* AddAlarmView.swift in Sources */ = {isa = PBXBuildFile; fileRef = DD0DC5372C6B34910090B1DF /* AddAlarmView.swift */; };
		DD0DC53A2C6B4B910090B1DF /* AlarmViewModel.swift in Sources */ = {isa = PBXBuildFile; fileRef = DD0DC5392C6B4B910090B1DF /* AlarmViewModel.swift */; };
		DD0DC5612C6F758D0090B1DF /* TimeSetCell.swift in Sources */ = {isa = PBXBuildFile; fileRef = DD0DC5602C6F758D0090B1DF /* TimeSetCell.swift */; };
		DD73EEB72C70A46300F6773B /* BaseTableViewController.swift in Sources */ = {isa = PBXBuildFile; fileRef = DD73EEB62C70A46300F6773B /* BaseTableViewController.swift */; };
		DD73EEB92C70B5BE00F6773B /* DayTableViewController.swift in Sources */ = {isa = PBXBuildFile; fileRef = DD73EEB82C70B5BE00F6773B /* DayTableViewController.swift */; };
		DD73EEBB2C70D4D700F6773B /* AlarmSongViewController.swift in Sources */ = {isa = PBXBuildFile; fileRef = DD73EEBA2C70D4D700F6773B /* AlarmSongViewController.swift */; };
		DD73EEBE2C725DCB00F6773B /* AlarmModel.swift in Sources */ = {isa = PBXBuildFile; fileRef = DD73EEBD2C725DCB00F6773B /* AlarmModel.swift */; };
		DD73EEC42C73217500F6773B /* Time+CoreDataClass.swift in Sources */ = {isa = PBXBuildFile; fileRef = DD73EEC22C73217500F6773B /* Time+CoreDataClass.swift */; };
		DD73EEC52C73217500F6773B /* Time+CoreDataProperties.swift in Sources */ = {isa = PBXBuildFile; fileRef = DD73EEC32C73217500F6773B /* Time+CoreDataProperties.swift */; };
		DD73EEC72C73275100F6773B /* DataManager.swift in Sources */ = {isa = PBXBuildFile; fileRef = DD73EEC62C73275100F6773B /* DataManager.swift */; };
		DDC1F5FC2C69FD36003FCDB3 /* AlarmView.swift in Sources */ = {isa = PBXBuildFile; fileRef = DDC1F5FB2C69FD36003FCDB3 /* AlarmView.swift */; };
		DDC1F5FE2C69FD45003FCDB3 /* AlarmViewController.swift in Sources */ = {isa = PBXBuildFile; fileRef = DDC1F5FD2C69FD45003FCDB3 /* AlarmViewController.swift */; };
		DDC1F6002C6A0EAA003FCDB3 /* AlarmListCell.swift in Sources */ = {isa = PBXBuildFile; fileRef = DDC1F5FF2C6A0EAA003FCDB3 /* AlarmListCell.swift */; };
		E797FDA92C6ADA9900D6ABE6 /* TimerViewController.swift in Sources */ = {isa = PBXBuildFile; fileRef = E797FDA82C6ADA9900D6ABE6 /* TimerViewController.swift */; };
		E797FDAB2C6B559100D6ABE6 /* RecentTimerTableViewCell.swift in Sources */ = {isa = PBXBuildFile; fileRef = E797FDAA2C6B559100D6ABE6 /* RecentTimerTableViewCell.swift */; };
		E797FDAE2C6B55AF00D6ABE6 /* CurrentTimerTableViewCell.swift in Sources */ = {isa = PBXBuildFile; fileRef = E797FDAD2C6B55AF00D6ABE6 /* CurrentTimerTableViewCell.swift */; };
		E797FDB02C6B67E500D6ABE6 /* TimerViewModel.swift in Sources */ = {isa = PBXBuildFile; fileRef = E797FDAF2C6B67E500D6ABE6 /* TimerViewModel.swift */; };
		E797FDB82C6C5E7C00D6ABE6 /* SetTimerViewController.swift in Sources */ = {isa = PBXBuildFile; fileRef = E797FDB72C6C5E7C00D6ABE6 /* SetTimerViewController.swift */; };
		E797FDBA2C6C5E9100D6ABE6 /* CurrentTimerViewController.swift in Sources */ = {isa = PBXBuildFile; fileRef = E797FDB92C6C5E9100D6ABE6 /* CurrentTimerViewController.swift */; };
		E797FDBC2C6C5E9B00D6ABE6 /* RecentTimerViewController.swift in Sources */ = {isa = PBXBuildFile; fileRef = E797FDBB2C6C5E9B00D6ABE6 /* RecentTimerViewController.swift */; };
		F407753B2C6C5454009D05A2 /* TimeZoneID.swift in Sources */ = {isa = PBXBuildFile; fileRef = F407753A2C6C5454009D05A2 /* TimeZoneID.swift */; };
		F407753D2C6C7029009D05A2 /* TimeZoneList.swift in Sources */ = {isa = PBXBuildFile; fileRef = F407753C2C6C7029009D05A2 /* TimeZoneList.swift */; };
		F407753F2C70B53F009D05A2 /* TimeZone+Extensions.swift in Sources */ = {isa = PBXBuildFile; fileRef = F407753E2C70B53F009D05A2 /* TimeZone+Extensions.swift */; };
		F45957E22C69E2F800AFEB69 /* WorldTimeViewController.swift in Sources */ = {isa = PBXBuildFile; fileRef = F45957E12C69E2F800AFEB69 /* WorldTimeViewController.swift */; };
		F45957E42C69E37400AFEB69 /* WorldTimeViewModel.swift in Sources */ = {isa = PBXBuildFile; fileRef = F45957E32C69E37400AFEB69 /* WorldTimeViewModel.swift */; };
		F45957E62C69FC4300AFEB69 /* WorldTimeCell.swift in Sources */ = {isa = PBXBuildFile; fileRef = F45957E52C69FC4300AFEB69 /* WorldTimeCell.swift */; };
		F45957E82C6A02B900AFEB69 /* TimeZoneModalViewController.swift in Sources */ = {isa = PBXBuildFile; fileRef = F45957E72C6A02B900AFEB69 /* TimeZoneModalViewController.swift */; };
		F45957EA2C6A657500AFEB69 /* TimeZoneModalViewModel.swift in Sources */ = {isa = PBXBuildFile; fileRef = F45957E92C6A657500AFEB69 /* TimeZoneModalViewModel.swift */; };
/* End PBXBuildFile section */

/* Begin PBXContainerItemProxy section */
		766E17582C69C7C9004C0163 /* PBXContainerItemProxy */ = {
			isa = PBXContainerItemProxy;
			containerPortal = 766E17392C69C7C7004C0163 /* Project object */;
			proxyType = 1;
			remoteGlobalIDString = 766E17402C69C7C7004C0163;
			remoteInfo = KimnJangWatch;
		};
/* End PBXContainerItemProxy section */

/* Begin PBXFileReference section */
		7611D57F2C73C16B00BC5B26 /* boop.mp3 */ = {isa = PBXFileReference; lastKnownFileType = audio.mp3; path = boop.mp3; sourceTree = "<group>"; };
		7611D5812C73C1BE00BC5B26 /* knock_brush.mp3 */ = {isa = PBXFileReference; lastKnownFileType = audio.mp3; path = knock_brush.mp3; sourceTree = "<group>"; };
		7611D5862C73CB8900BC5B26 /* cat.mp3 */ = {isa = PBXFileReference; lastKnownFileType = audio.mp3; path = cat.mp3; sourceTree = "<group>"; };
		7611D5872C73CB8900BC5B26 /* dog.mp3 */ = {isa = PBXFileReference; lastKnownFileType = audio.mp3; path = dog.mp3; sourceTree = "<group>"; };
		7611D5882C73CB8900BC5B26 /* siren.mp3 */ = {isa = PBXFileReference; lastKnownFileType = audio.mp3; path = siren.mp3; sourceTree = "<group>"; };
		765E85332C69CFC900F928D7 /* CodeConvention.md */ = {isa = PBXFileReference; lastKnownFileType = net.daringfireball.markdown; path = CodeConvention.md; sourceTree = "<group>"; };
		765E85352C69CFD900F928D7 /* CommitConvention.md */ = {isa = PBXFileReference; lastKnownFileType = net.daringfireball.markdown; path = CommitConvention.md; sourceTree = "<group>"; };
		765E853A2C6A87F900F928D7 /* NotificationManager.swift */ = {isa = PBXFileReference; lastKnownFileType = sourcecode.swift; path = NotificationManager.swift; sourceTree = "<group>"; };
		765E853C2C6B443500F928D7 /* TestNotificationViewController.swift */ = {isa = PBXFileReference; lastKnownFileType = sourcecode.swift; path = TestNotificationViewController.swift; sourceTree = "<group>"; };
		765E85442C6B5EDD00F928D7 /* hummus.mp3 */ = {isa = PBXFileReference; lastKnownFileType = audio.mp3; path = hummus.mp3; sourceTree = "<group>"; };
		766E17412C69C7C7004C0163 /* KimnJangWatch.app */ = {isa = PBXFileReference; explicitFileType = wrapper.application; includeInIndex = 0; path = KimnJangWatch.app; sourceTree = BUILT_PRODUCTS_DIR; };
		766E17442C69C7C7004C0163 /* AppDelegate.swift */ = {isa = PBXFileReference; lastKnownFileType = sourcecode.swift; path = AppDelegate.swift; sourceTree = "<group>"; };
		766E17482C69C7C7004C0163 /* TabBarController.swift */ = {isa = PBXFileReference; lastKnownFileType = sourcecode.swift; path = TabBarController.swift; sourceTree = "<group>"; };
		766E174D2C69C7C9004C0163 /* Assets.xcassets */ = {isa = PBXFileReference; lastKnownFileType = folder.assetcatalog; path = Assets.xcassets; sourceTree = "<group>"; };
		766E17502C69C7C9004C0163 /* Base */ = {isa = PBXFileReference; lastKnownFileType = file.storyboard; name = Base; path = Base.lproj/LaunchScreen.storyboard; sourceTree = "<group>"; };
		766E17522C69C7C9004C0163 /* Info.plist */ = {isa = PBXFileReference; lastKnownFileType = text.plist.xml; path = Info.plist; sourceTree = "<group>"; };
		766E17572C69C7C9004C0163 /* KimnJangWatchTests.xctest */ = {isa = PBXFileReference; explicitFileType = wrapper.cfbundle; includeInIndex = 0; path = KimnJangWatchTests.xctest; sourceTree = BUILT_PRODUCTS_DIR; };
		766E175B2C69C7C9004C0163 /* KimnJangWatchTests.swift */ = {isa = PBXFileReference; lastKnownFileType = sourcecode.swift; path = KimnJangWatchTests.swift; sourceTree = "<group>"; };
		766E178A2C69CA42004C0163 /* .gitignore */ = {isa = PBXFileReference; lastKnownFileType = text; path = .gitignore; sourceTree = "<group>"; };
		766E178C2C69CA4F004C0163 /* README.md */ = {isa = PBXFileReference; lastKnownFileType = net.daringfireball.markdown; path = README.md; sourceTree = "<group>"; };
		766E178E2C69CBA2004C0163 /* UIColor+Extensions.swift */ = {isa = PBXFileReference; lastKnownFileType = sourcecode.swift; path = "UIColor+Extensions.swift"; sourceTree = "<group>"; };
		76D234FD2C70DD0E001F6DA4 /* TestNotificationViewModel.swift */ = {isa = PBXFileReference; lastKnownFileType = sourcecode.swift; path = TestNotificationViewModel.swift; sourceTree = "<group>"; };
		76D235072C737071001F6DA4 /* AlarmData.xcdatamodel */ = {isa = PBXFileReference; lastKnownFileType = wrapper.xcdatamodel; path = AlarmData.xcdatamodel; sourceTree = "<group>"; };
		9FE1E0E62C69FE2F003C448E /* StopWatchController.swift */ = {isa = PBXFileReference; lastKnownFileType = sourcecode.swift; path = StopWatchController.swift; sourceTree = "<group>"; };
		9FE1E0E82C6B1A48003C448E /* StopWatchViewModel.swift */ = {isa = PBXFileReference; lastKnownFileType = sourcecode.swift; path = StopWatchViewModel.swift; sourceTree = "<group>"; };
		9FE1E0EC2C6C5A5A003C448E /* LapViewCell.swift */ = {isa = PBXFileReference; lastKnownFileType = sourcecode.swift; path = LapViewCell.swift; sourceTree = "<group>"; };
		DD0DC5352C6B16270090B1DF /* AddAlarmViewController.swift */ = {isa = PBXFileReference; lastKnownFileType = sourcecode.swift; path = AddAlarmViewController.swift; sourceTree = "<group>"; };
		DD0DC5372C6B34910090B1DF /* AddAlarmView.swift */ = {isa = PBXFileReference; lastKnownFileType = sourcecode.swift; path = AddAlarmView.swift; sourceTree = "<group>"; };
		DD0DC5392C6B4B910090B1DF /* AlarmViewModel.swift */ = {isa = PBXFileReference; lastKnownFileType = sourcecode.swift; path = AlarmViewModel.swift; sourceTree = "<group>"; };
		DD0DC5602C6F758D0090B1DF /* TimeSetCell.swift */ = {isa = PBXFileReference; lastKnownFileType = sourcecode.swift; path = TimeSetCell.swift; sourceTree = "<group>"; };
		DD73EEB62C70A46300F6773B /* BaseTableViewController.swift */ = {isa = PBXFileReference; lastKnownFileType = sourcecode.swift; path = BaseTableViewController.swift; sourceTree = "<group>"; };
		DD73EEB82C70B5BE00F6773B /* DayTableViewController.swift */ = {isa = PBXFileReference; lastKnownFileType = sourcecode.swift; path = DayTableViewController.swift; sourceTree = "<group>"; };
		DD73EEBA2C70D4D700F6773B /* AlarmSongViewController.swift */ = {isa = PBXFileReference; lastKnownFileType = sourcecode.swift; path = AlarmSongViewController.swift; sourceTree = "<group>"; };
		DD73EEBD2C725DCB00F6773B /* AlarmModel.swift */ = {isa = PBXFileReference; lastKnownFileType = sourcecode.swift; path = AlarmModel.swift; sourceTree = "<group>"; };
		DD73EEC22C73217500F6773B /* Time+CoreDataClass.swift */ = {isa = PBXFileReference; lastKnownFileType = sourcecode.swift; path = "Time+CoreDataClass.swift"; sourceTree = "<group>"; };
		DD73EEC32C73217500F6773B /* Time+CoreDataProperties.swift */ = {isa = PBXFileReference; lastKnownFileType = sourcecode.swift; path = "Time+CoreDataProperties.swift"; sourceTree = "<group>"; };
		DD73EEC62C73275100F6773B /* DataManager.swift */ = {isa = PBXFileReference; lastKnownFileType = sourcecode.swift; path = DataManager.swift; sourceTree = "<group>"; };
		DDC1F5FB2C69FD36003FCDB3 /* AlarmView.swift */ = {isa = PBXFileReference; lastKnownFileType = sourcecode.swift; path = AlarmView.swift; sourceTree = "<group>"; };
		DDC1F5FD2C69FD45003FCDB3 /* AlarmViewController.swift */ = {isa = PBXFileReference; lastKnownFileType = sourcecode.swift; path = AlarmViewController.swift; sourceTree = "<group>"; };
		DDC1F5FF2C6A0EAA003FCDB3 /* AlarmListCell.swift */ = {isa = PBXFileReference; lastKnownFileType = sourcecode.swift; path = AlarmListCell.swift; sourceTree = "<group>"; };
		E797FDA82C6ADA9900D6ABE6 /* TimerViewController.swift */ = {isa = PBXFileReference; lastKnownFileType = sourcecode.swift; path = TimerViewController.swift; sourceTree = "<group>"; };
		E797FDAA2C6B559100D6ABE6 /* RecentTimerTableViewCell.swift */ = {isa = PBXFileReference; lastKnownFileType = sourcecode.swift; path = RecentTimerTableViewCell.swift; sourceTree = "<group>"; };
		E797FDAD2C6B55AF00D6ABE6 /* CurrentTimerTableViewCell.swift */ = {isa = PBXFileReference; lastKnownFileType = sourcecode.swift; path = CurrentTimerTableViewCell.swift; sourceTree = "<group>"; };
		E797FDAF2C6B67E500D6ABE6 /* TimerViewModel.swift */ = {isa = PBXFileReference; lastKnownFileType = sourcecode.swift; path = TimerViewModel.swift; sourceTree = "<group>"; };
		E797FDB72C6C5E7C00D6ABE6 /* SetTimerViewController.swift */ = {isa = PBXFileReference; lastKnownFileType = sourcecode.swift; path = SetTimerViewController.swift; sourceTree = "<group>"; };
		E797FDB92C6C5E9100D6ABE6 /* CurrentTimerViewController.swift */ = {isa = PBXFileReference; lastKnownFileType = sourcecode.swift; path = CurrentTimerViewController.swift; sourceTree = "<group>"; };
		E797FDBB2C6C5E9B00D6ABE6 /* RecentTimerViewController.swift */ = {isa = PBXFileReference; lastKnownFileType = sourcecode.swift; path = RecentTimerViewController.swift; sourceTree = "<group>"; };
		E797FDBD2C6F0F2C00D6ABE6 /* TimerModel.swift */ = {isa = PBXFileReference; lastKnownFileType = sourcecode.swift; path = TimerModel.swift; sourceTree = "<group>"; };
		F407753A2C6C5454009D05A2 /* TimeZoneID.swift */ = {isa = PBXFileReference; lastKnownFileType = sourcecode.swift; path = TimeZoneID.swift; sourceTree = "<group>"; };
		F407753C2C6C7029009D05A2 /* TimeZoneList.swift */ = {isa = PBXFileReference; lastKnownFileType = sourcecode.swift; path = TimeZoneList.swift; sourceTree = "<group>"; };
		F407753E2C70B53F009D05A2 /* TimeZone+Extensions.swift */ = {isa = PBXFileReference; lastKnownFileType = sourcecode.swift; path = "TimeZone+Extensions.swift"; sourceTree = "<group>"; };
		F45957E12C69E2F800AFEB69 /* WorldTimeViewController.swift */ = {isa = PBXFileReference; lastKnownFileType = sourcecode.swift; path = WorldTimeViewController.swift; sourceTree = "<group>"; };
		F45957E32C69E37400AFEB69 /* WorldTimeViewModel.swift */ = {isa = PBXFileReference; lastKnownFileType = sourcecode.swift; path = WorldTimeViewModel.swift; sourceTree = "<group>"; };
		F45957E52C69FC4300AFEB69 /* WorldTimeCell.swift */ = {isa = PBXFileReference; lastKnownFileType = sourcecode.swift; path = WorldTimeCell.swift; sourceTree = "<group>"; };
		F45957E72C6A02B900AFEB69 /* TimeZoneModalViewController.swift */ = {isa = PBXFileReference; lastKnownFileType = sourcecode.swift; path = TimeZoneModalViewController.swift; sourceTree = "<group>"; };
		F45957E92C6A657500AFEB69 /* TimeZoneModalViewModel.swift */ = {isa = PBXFileReference; lastKnownFileType = sourcecode.swift; path = TimeZoneModalViewModel.swift; sourceTree = "<group>"; };
/* End PBXFileReference section */

/* Begin PBXFrameworksBuildPhase section */
		766E173E2C69C7C7004C0163 /* Frameworks */ = {
			isa = PBXFrameworksBuildPhase;
			buildActionMask = 2147483647;
			files = (
				766E17872C69CA28004C0163 /* RxRelay in Frameworks */,
				766E17852C69CA28004C0163 /* RxCocoa in Frameworks */,
				766E17892C69CA28004C0163 /* RxSwift in Frameworks */,
				766E17822C69C9FB004C0163 /* SnapKit in Frameworks */,
			);
			runOnlyForDeploymentPostprocessing = 0;
		};
		766E17542C69C7C9004C0163 /* Frameworks */ = {
			isa = PBXFrameworksBuildPhase;
			buildActionMask = 2147483647;
			files = (
			);
			runOnlyForDeploymentPostprocessing = 0;
		};
/* End PBXFrameworksBuildPhase section */

/* Begin PBXGroup section */
		765E85432C6B5EA200F928D7 /* Assets */ = {
			isa = PBXGroup;
			children = (
				765E85442C6B5EDD00F928D7 /* hummus.mp3 */,
				7611D5812C73C1BE00BC5B26 /* knock_brush.mp3 */,
				7611D57F2C73C16B00BC5B26 /* boop.mp3 */,
				7611D5862C73CB8900BC5B26 /* cat.mp3 */,
				7611D5872C73CB8900BC5B26 /* dog.mp3 */,
				7611D5882C73CB8900BC5B26 /* siren.mp3 */,
				766E174D2C69C7C9004C0163 /* Assets.xcassets */,
			);
			path = Assets;
			sourceTree = "<group>";
		};
		765E85462C6B83D500F928D7 /* Alarm */ = {
			isa = PBXGroup;
			children = (
				DD73EEC62C73275100F6773B /* DataManager.swift */,
				DDC1F5FB2C69FD36003FCDB3 /* AlarmView.swift */,
				DDC1F5FD2C69FD45003FCDB3 /* AlarmViewController.swift */,
				DDC1F5FF2C6A0EAA003FCDB3 /* AlarmListCell.swift */,
				DD0DC55F2C6F75550090B1DF /* AddAlarm */,
			);
			path = Alarm;
			sourceTree = "<group>";
		};
		765E85472C6B83F100F928D7 /* StopWatch */ = {
			isa = PBXGroup;
			children = (
				9FE1E0E62C69FE2F003C448E /* StopWatchController.swift */,
				9FE1E0EC2C6C5A5A003C448E /* LapViewCell.swift */,
			);
			path = StopWatch;
			sourceTree = "<group>";
		};
		765E85482C6B844900F928D7 /* Timer */ = {
			isa = PBXGroup;
			children = (
				E797FDAF2C6B67E500D6ABE6 /* TimerViewModel.swift */,
			);
			path = Timer;
			sourceTree = "<group>";
		};
		765E85492C6B845500F928D7 /* Alarm */ = {
			isa = PBXGroup;
			children = (
				DD0DC5392C6B4B910090B1DF /* AlarmViewModel.swift */,
			);
			path = Alarm;
			sourceTree = "<group>";
		};
		765E854A2C6B846A00F928D7 /* StopWatch */ = {
			isa = PBXGroup;
			children = (
				9FE1E0E82C6B1A48003C448E /* StopWatchViewModel.swift */,
			);
			path = StopWatch;
			sourceTree = "<group>";
		};
		766E17382C69C7C7004C0163 = {
			isa = PBXGroup;
			children = (
				DD73EEC22C73217500F6773B /* Time+CoreDataClass.swift */,
				DD73EEC32C73217500F6773B /* Time+CoreDataProperties.swift */,
				766E178C2C69CA4F004C0163 /* README.md */,
				765E85332C69CFC900F928D7 /* CodeConvention.md */,
				765E85352C69CFD900F928D7 /* CommitConvention.md */,
				766E178A2C69CA42004C0163 /* .gitignore */,
				766E17432C69C7C7004C0163 /* KimnJangWatch */,
				766E175A2C69C7C9004C0163 /* KimnJangWatchTests */,
				766E17422C69C7C7004C0163 /* Products */,
			);
			indentWidth = 2;
			sourceTree = "<group>";
			tabWidth = 2;
		};
		766E17422C69C7C7004C0163 /* Products */ = {
			isa = PBXGroup;
			children = (
				766E17412C69C7C7004C0163 /* KimnJangWatch.app */,
				766E17572C69C7C9004C0163 /* KimnJangWatchTests.xctest */,
			);
			name = Products;
			sourceTree = "<group>";
		};
		766E17432C69C7C7004C0163 /* KimnJangWatch */ = {
			isa = PBXGroup;
			children = (
				766E17782C69C8FC004C0163 /* App */,
				766E17742C69C8C1004C0163 /* Common */,
				766E17752C69C8CF004C0163 /* Model */,
				766E17762C69C8F1004C0163 /* View */,
				766E17772C69C8F5004C0163 /* ViewModel */,
				765E85432C6B5EA200F928D7 /* Assets */,
				766E174F2C69C7C9004C0163 /* LaunchScreen.storyboard */,
				766E17522C69C7C9004C0163 /* Info.plist */,
				76D235062C737071001F6DA4 /* AlarmData.xcdatamodeld */,
			);
			path = KimnJangWatch;
			sourceTree = "<group>";
		};
		766E175A2C69C7C9004C0163 /* KimnJangWatchTests */ = {
			isa = PBXGroup;
			children = (
				766E175B2C69C7C9004C0163 /* KimnJangWatchTests.swift */,
			);
			path = KimnJangWatchTests;
			sourceTree = "<group>";
		};
		766E17742C69C8C1004C0163 /* Common */ = {
			isa = PBXGroup;
			children = (
				766E178E2C69CBA2004C0163 /* UIColor+Extensions.swift */,
				F407753E2C70B53F009D05A2 /* TimeZone+Extensions.swift */,
			);
			path = Common;
			sourceTree = "<group>";
		};
		766E17752C69C8CF004C0163 /* Model */ = {
			isa = PBXGroup;
			children = (
				765E853A2C6A87F900F928D7 /* NotificationManager.swift */,
				E797FDBD2C6F0F2C00D6ABE6 /* TimerModel.swift */,
				F407753A2C6C5454009D05A2 /* TimeZoneID.swift */,
				DD73EEBD2C725DCB00F6773B /* AlarmModel.swift */,
			);
			path = Model;
			sourceTree = "<group>";
		};
		766E17762C69C8F1004C0163 /* View */ = {
			isa = PBXGroup;
			children = (
				766E17482C69C7C7004C0163 /* TabBarController.swift */,
				F45957EC2C6B789F00AFEB69 /* WorldTime */,
				765E85462C6B83D500F928D7 /* Alarm */,
				765E85472C6B83F100F928D7 /* StopWatch */,
				E797FDAC2C6B559500D6ABE6 /* Timer */,
				765E853C2C6B443500F928D7 /* TestNotificationViewController.swift */,
			);
			path = View;
			sourceTree = "<group>";
		};
		766E17772C69C8F5004C0163 /* ViewModel */ = {
			isa = PBXGroup;
			children = (
				F45957EB2C6B788800AFEB69 /* WorldTime */,
				765E85492C6B845500F928D7 /* Alarm */,
				765E854A2C6B846A00F928D7 /* StopWatch */,
				765E85482C6B844900F928D7 /* Timer */,
				76D234FD2C70DD0E001F6DA4 /* TestNotificationViewModel.swift */,
			);
			path = ViewModel;
			sourceTree = "<group>";
		};
		766E17782C69C8FC004C0163 /* App */ = {
			isa = PBXGroup;
			children = (
				766E17442C69C7C7004C0163 /* AppDelegate.swift */,
			);
			path = App;
			sourceTree = "<group>";
		};
		DD0DC55F2C6F75550090B1DF /* AddAlarm */ = {
			isa = PBXGroup;
			children = (
				DD0DC5372C6B34910090B1DF /* AddAlarmView.swift */,
				DD0DC5352C6B16270090B1DF /* AddAlarmViewController.swift */,
				DD0DC5602C6F758D0090B1DF /* TimeSetCell.swift */,
				DD73EEB62C70A46300F6773B /* BaseTableViewController.swift */,
				DD73EEB82C70B5BE00F6773B /* DayTableViewController.swift */,
				DD73EEBA2C70D4D700F6773B /* AlarmSongViewController.swift */,
			);
			path = AddAlarm;
			sourceTree = "<group>";
		};
		E797FDAC2C6B559500D6ABE6 /* Timer */ = {
			isa = PBXGroup;
			children = (
				E797FDA82C6ADA9900D6ABE6 /* TimerViewController.swift */,
				E797FDB72C6C5E7C00D6ABE6 /* SetTimerViewController.swift */,
				E797FDB92C6C5E9100D6ABE6 /* CurrentTimerViewController.swift */,
				E797FDBB2C6C5E9B00D6ABE6 /* RecentTimerViewController.swift */,
				E797FDAD2C6B55AF00D6ABE6 /* CurrentTimerTableViewCell.swift */,
				E797FDAA2C6B559100D6ABE6 /* RecentTimerTableViewCell.swift */,
			);
			path = Timer;
			sourceTree = "<group>";
		};
		F45957EB2C6B788800AFEB69 /* WorldTime */ = {
			isa = PBXGroup;
			children = (
				F45957E92C6A657500AFEB69 /* TimeZoneModalViewModel.swift */,
				F45957E32C69E37400AFEB69 /* WorldTimeViewModel.swift */,
				F407753C2C6C7029009D05A2 /* TimeZoneList.swift */,
			);
			path = WorldTime;
			sourceTree = "<group>";
		};
		F45957EC2C6B789F00AFEB69 /* WorldTime */ = {
			isa = PBXGroup;
			children = (
				F45957E72C6A02B900AFEB69 /* TimeZoneModalViewController.swift */,
				F45957E12C69E2F800AFEB69 /* WorldTimeViewController.swift */,
				F45957E52C69FC4300AFEB69 /* WorldTimeCell.swift */,
			);
			path = WorldTime;
			sourceTree = "<group>";
		};
/* End PBXGroup section */

/* Begin PBXNativeTarget section */
		766E17402C69C7C7004C0163 /* KimnJangWatch */ = {
			isa = PBXNativeTarget;
			buildConfigurationList = 766E176B2C69C7C9004C0163 /* Build configuration list for PBXNativeTarget "KimnJangWatch" */;
			buildPhases = (
				766E173D2C69C7C7004C0163 /* Sources */,
				766E173E2C69C7C7004C0163 /* Frameworks */,
				766E173F2C69C7C7004C0163 /* Resources */,
			);
			buildRules = (
			);
			dependencies = (
			);
			name = KimnJangWatch;
			packageProductDependencies = (
				766E17812C69C9FB004C0163 /* SnapKit */,
				766E17842C69CA28004C0163 /* RxCocoa */,
				766E17862C69CA28004C0163 /* RxRelay */,
				766E17882C69CA28004C0163 /* RxSwift */,
			);
			productName = KimnJangWatch;
			productReference = 766E17412C69C7C7004C0163 /* KimnJangWatch.app */;
			productType = "com.apple.product-type.application";
		};
		766E17562C69C7C9004C0163 /* KimnJangWatchTests */ = {
			isa = PBXNativeTarget;
			buildConfigurationList = 766E176E2C69C7C9004C0163 /* Build configuration list for PBXNativeTarget "KimnJangWatchTests" */;
			buildPhases = (
				766E17532C69C7C9004C0163 /* Sources */,
				766E17542C69C7C9004C0163 /* Frameworks */,
				766E17552C69C7C9004C0163 /* Resources */,
			);
			buildRules = (
			);
			dependencies = (
				766E17592C69C7C9004C0163 /* PBXTargetDependency */,
			);
			name = KimnJangWatchTests;
			productName = KimnJangWatchTests;
			productReference = 766E17572C69C7C9004C0163 /* KimnJangWatchTests.xctest */;
			productType = "com.apple.product-type.bundle.unit-test";
		};
/* End PBXNativeTarget section */

/* Begin PBXProject section */
		766E17392C69C7C7004C0163 /* Project object */ = {
			isa = PBXProject;
			attributes = {
				BuildIndependentTargetsInParallel = 1;
				LastSwiftUpdateCheck = 1540;
				LastUpgradeCheck = 1540;
				TargetAttributes = {
					766E17402C69C7C7004C0163 = {
						CreatedOnToolsVersion = 15.4;
					};
					766E17562C69C7C9004C0163 = {
						CreatedOnToolsVersion = 15.4;
						TestTargetID = 766E17402C69C7C7004C0163;
					};
				};
			};
			buildConfigurationList = 766E173C2C69C7C7004C0163 /* Build configuration list for PBXProject "KimnJangWatch" */;
			compatibilityVersion = "Xcode 14.0";
			developmentRegion = en;
			hasScannedForEncodings = 0;
			knownRegions = (
				en,
				Base,
			);
			mainGroup = 766E17382C69C7C7004C0163;
			packageReferences = (
				766E17802C69C9FB004C0163 /* XCRemoteSwiftPackageReference "SnapKit" */,
				766E17832C69CA28004C0163 /* XCRemoteSwiftPackageReference "RxSwift" */,
			);
			productRefGroup = 766E17422C69C7C7004C0163 /* Products */;
			projectDirPath = "";
			projectRoot = "";
			targets = (
				766E17402C69C7C7004C0163 /* KimnJangWatch */,
				766E17562C69C7C9004C0163 /* KimnJangWatchTests */,
			);
		};
/* End PBXProject section */

/* Begin PBXResourcesBuildPhase section */
		766E173F2C69C7C7004C0163 /* Resources */ = {
			isa = PBXResourcesBuildPhase;
			buildActionMask = 2147483647;
			files = (
				766E174E2C69C7C9004C0163 /* Assets.xcassets in Resources */,
				766E178B2C69CA42004C0163 /* .gitignore in Resources */,
				766E178D2C69CA4F004C0163 /* README.md in Resources */,
				765E85342C69CFC900F928D7 /* CodeConvention.md in Resources */,
				7611D58B2C73CB8900BC5B26 /* siren.mp3 in Resources */,
				765E85452C6B5EDD00F928D7 /* hummus.mp3 in Resources */,
				7611D5892C73CB8900BC5B26 /* cat.mp3 in Resources */,
				765E85362C69CFD900F928D7 /* CommitConvention.md in Resources */,
				7611D5822C73C1BE00BC5B26 /* knock_brush.mp3 in Resources */,
				7611D5802C73C16B00BC5B26 /* boop.mp3 in Resources */,
				766E17512C69C7C9004C0163 /* Base in Resources */,
				7611D58A2C73CB8900BC5B26 /* dog.mp3 in Resources */,
			);
			runOnlyForDeploymentPostprocessing = 0;
		};
		766E17552C69C7C9004C0163 /* Resources */ = {
			isa = PBXResourcesBuildPhase;
			buildActionMask = 2147483647;
			files = (
			);
			runOnlyForDeploymentPostprocessing = 0;
		};
/* End PBXResourcesBuildPhase section */

/* Begin PBXSourcesBuildPhase section */
		766E173D2C69C7C7004C0163 /* Sources */ = {
			isa = PBXSourcesBuildPhase;
			buildActionMask = 2147483647;
			files = (
				76D234FF2C720114001F6DA4 /* TimerModel.swift in Sources */,
				765E854B2C6C33C400F928D7 /* AppDelegate.swift in Sources */,
				9FE1E0E72C69FE2F003C448E /* StopWatchController.swift in Sources */,
				DDC1F5FE2C69FD45003FCDB3 /* AlarmViewController.swift in Sources */,
				DD73EEB72C70A46300F6773B /* BaseTableViewController.swift in Sources */,
				E797FDB02C6B67E500D6ABE6 /* TimerViewModel.swift in Sources */,
				DD73EEC72C73275100F6773B /* DataManager.swift in Sources */,
				766E178F2C69CBA2004C0163 /* UIColor+Extensions.swift in Sources */,
				F45957E22C69E2F800AFEB69 /* WorldTimeViewController.swift in Sources */,
				DD73EEB92C70B5BE00F6773B /* DayTableViewController.swift in Sources */,
				DD0DC5382C6B34910090B1DF /* AddAlarmView.swift in Sources */,
				F407753F2C70B53F009D05A2 /* TimeZone+Extensions.swift in Sources */,
				DD0DC53A2C6B4B910090B1DF /* AlarmViewModel.swift in Sources */,
				DD73EEC42C73217500F6773B /* Time+CoreDataClass.swift in Sources */,
				DD73EEC52C73217500F6773B /* Time+CoreDataProperties.swift in Sources */,
				766E17492C69C7C7004C0163 /* TabBarController.swift in Sources */,
				DD73EEBB2C70D4D700F6773B /* AlarmSongViewController.swift in Sources */,
				9FE1E0E92C6B1A48003C448E /* StopWatchViewModel.swift in Sources */,
				F407753B2C6C5454009D05A2 /* TimeZoneID.swift in Sources */,
				76D235082C737071001F6DA4 /* AlarmData.xcdatamodeld in Sources */,
				DD73EEBE2C725DCB00F6773B /* AlarmModel.swift in Sources */,
				E797FDA92C6ADA9900D6ABE6 /* TimerViewController.swift in Sources */,
				765E853B2C6A87F900F928D7 /* NotificationManager.swift in Sources */,
				E797FDBC2C6C5E9B00D6ABE6 /* RecentTimerViewController.swift in Sources */,
				765E853D2C6B443500F928D7 /* TestNotificationViewController.swift in Sources */,
				F45957E62C69FC4300AFEB69 /* WorldTimeCell.swift in Sources */,
				F45957E82C6A02B900AFEB69 /* TimeZoneModalViewController.swift in Sources */,
				F45957E42C69E37400AFEB69 /* WorldTimeViewModel.swift in Sources */,
				F45957EA2C6A657500AFEB69 /* TimeZoneModalViewModel.swift in Sources */,
				DDC1F6002C6A0EAA003FCDB3 /* AlarmListCell.swift in Sources */,
				F407753D2C6C7029009D05A2 /* TimeZoneList.swift in Sources */,
				DD0DC5362C6B16270090B1DF /* AddAlarmViewController.swift in Sources */,
				9FE1E0ED2C6C5A5A003C448E /* LapViewCell.swift in Sources */,
				DDC1F5FC2C69FD36003FCDB3 /* AlarmView.swift in Sources */,
				DD0DC5612C6F758D0090B1DF /* TimeSetCell.swift in Sources */,
				E797FDB82C6C5E7C00D6ABE6 /* SetTimerViewController.swift in Sources */,
				76D234FE2C70DD0E001F6DA4 /* TestNotificationViewModel.swift in Sources */,
				E797FDBA2C6C5E9100D6ABE6 /* CurrentTimerViewController.swift in Sources */,
				E797FDAB2C6B559100D6ABE6 /* RecentTimerTableViewCell.swift in Sources */,
				E797FDAE2C6B55AF00D6ABE6 /* CurrentTimerTableViewCell.swift in Sources */,
			);
			runOnlyForDeploymentPostprocessing = 0;
		};
		766E17532C69C7C9004C0163 /* Sources */ = {
			isa = PBXSourcesBuildPhase;
			buildActionMask = 2147483647;
			files = (
				766E175C2C69C7C9004C0163 /* KimnJangWatchTests.swift in Sources */,
			);
			runOnlyForDeploymentPostprocessing = 0;
		};
/* End PBXSourcesBuildPhase section */

/* Begin PBXTargetDependency section */
		766E17592C69C7C9004C0163 /* PBXTargetDependency */ = {
			isa = PBXTargetDependency;
			target = 766E17402C69C7C7004C0163 /* KimnJangWatch */;
			targetProxy = 766E17582C69C7C9004C0163 /* PBXContainerItemProxy */;
		};
/* End PBXTargetDependency section */

/* Begin PBXVariantGroup section */
		766E174F2C69C7C9004C0163 /* LaunchScreen.storyboard */ = {
			isa = PBXVariantGroup;
			children = (
				766E17502C69C7C9004C0163 /* Base */,
			);
			name = LaunchScreen.storyboard;
			sourceTree = "<group>";
		};
/* End PBXVariantGroup section */

/* Begin XCBuildConfiguration section */
		766E17692C69C7C9004C0163 /* Debug */ = {
			isa = XCBuildConfiguration;
			buildSettings = {
				ALWAYS_SEARCH_USER_PATHS = NO;
				ASSETCATALOG_COMPILER_GENERATE_SWIFT_ASSET_SYMBOL_EXTENSIONS = YES;
				CLANG_ANALYZER_NONNULL = YES;
				CLANG_ANALYZER_NUMBER_OBJECT_CONVERSION = YES_AGGRESSIVE;
				CLANG_CXX_LANGUAGE_STANDARD = "gnu++20";
				CLANG_ENABLE_MODULES = YES;
				CLANG_ENABLE_OBJC_ARC = YES;
				CLANG_ENABLE_OBJC_WEAK = YES;
				CLANG_WARN_BLOCK_CAPTURE_AUTORELEASING = YES;
				CLANG_WARN_BOOL_CONVERSION = YES;
				CLANG_WARN_COMMA = YES;
				CLANG_WARN_CONSTANT_CONVERSION = YES;
				CLANG_WARN_DEPRECATED_OBJC_IMPLEMENTATIONS = YES;
				CLANG_WARN_DIRECT_OBJC_ISA_USAGE = YES_ERROR;
				CLANG_WARN_DOCUMENTATION_COMMENTS = YES;
				CLANG_WARN_EMPTY_BODY = YES;
				CLANG_WARN_ENUM_CONVERSION = YES;
				CLANG_WARN_INFINITE_RECURSION = YES;
				CLANG_WARN_INT_CONVERSION = YES;
				CLANG_WARN_NON_LITERAL_NULL_CONVERSION = YES;
				CLANG_WARN_OBJC_IMPLICIT_RETAIN_SELF = YES;
				CLANG_WARN_OBJC_LITERAL_CONVERSION = YES;
				CLANG_WARN_OBJC_ROOT_CLASS = YES_ERROR;
				CLANG_WARN_QUOTED_INCLUDE_IN_FRAMEWORK_HEADER = YES;
				CLANG_WARN_RANGE_LOOP_ANALYSIS = YES;
				CLANG_WARN_STRICT_PROTOTYPES = YES;
				CLANG_WARN_SUSPICIOUS_MOVE = YES;
				CLANG_WARN_UNGUARDED_AVAILABILITY = YES_AGGRESSIVE;
				CLANG_WARN_UNREACHABLE_CODE = YES;
				CLANG_WARN__DUPLICATE_METHOD_MATCH = YES;
				COPY_PHASE_STRIP = NO;
				DEBUG_INFORMATION_FORMAT = dwarf;
				ENABLE_STRICT_OBJC_MSGSEND = YES;
				ENABLE_TESTABILITY = YES;
				ENABLE_USER_SCRIPT_SANDBOXING = YES;
				GCC_C_LANGUAGE_STANDARD = gnu17;
				GCC_DYNAMIC_NO_PIC = NO;
				GCC_NO_COMMON_BLOCKS = YES;
				GCC_OPTIMIZATION_LEVEL = 0;
				GCC_PREPROCESSOR_DEFINITIONS = (
					"DEBUG=1",
					"$(inherited)",
				);
				GCC_WARN_64_TO_32_BIT_CONVERSION = YES;
				GCC_WARN_ABOUT_RETURN_TYPE = YES_ERROR;
				GCC_WARN_UNDECLARED_SELECTOR = YES;
				GCC_WARN_UNINITIALIZED_AUTOS = YES_AGGRESSIVE;
				GCC_WARN_UNUSED_FUNCTION = YES;
				GCC_WARN_UNUSED_VARIABLE = YES;
				IPHONEOS_DEPLOYMENT_TARGET = 15.0;
				LOCALIZATION_PREFERS_STRING_CATALOGS = YES;
				MTL_ENABLE_DEBUG_INFO = INCLUDE_SOURCE;
				MTL_FAST_MATH = YES;
				ONLY_ACTIVE_ARCH = YES;
				SDKROOT = iphoneos;
				SWIFT_ACTIVE_COMPILATION_CONDITIONS = "DEBUG $(inherited)";
				SWIFT_OPTIMIZATION_LEVEL = "-Onone";
			};
			name = Debug;
		};
		766E176A2C69C7C9004C0163 /* Release */ = {
			isa = XCBuildConfiguration;
			buildSettings = {
				ALWAYS_SEARCH_USER_PATHS = NO;
				ASSETCATALOG_COMPILER_GENERATE_SWIFT_ASSET_SYMBOL_EXTENSIONS = YES;
				CLANG_ANALYZER_NONNULL = YES;
				CLANG_ANALYZER_NUMBER_OBJECT_CONVERSION = YES_AGGRESSIVE;
				CLANG_CXX_LANGUAGE_STANDARD = "gnu++20";
				CLANG_ENABLE_MODULES = YES;
				CLANG_ENABLE_OBJC_ARC = YES;
				CLANG_ENABLE_OBJC_WEAK = YES;
				CLANG_WARN_BLOCK_CAPTURE_AUTORELEASING = YES;
				CLANG_WARN_BOOL_CONVERSION = YES;
				CLANG_WARN_COMMA = YES;
				CLANG_WARN_CONSTANT_CONVERSION = YES;
				CLANG_WARN_DEPRECATED_OBJC_IMPLEMENTATIONS = YES;
				CLANG_WARN_DIRECT_OBJC_ISA_USAGE = YES_ERROR;
				CLANG_WARN_DOCUMENTATION_COMMENTS = YES;
				CLANG_WARN_EMPTY_BODY = YES;
				CLANG_WARN_ENUM_CONVERSION = YES;
				CLANG_WARN_INFINITE_RECURSION = YES;
				CLANG_WARN_INT_CONVERSION = YES;
				CLANG_WARN_NON_LITERAL_NULL_CONVERSION = YES;
				CLANG_WARN_OBJC_IMPLICIT_RETAIN_SELF = YES;
				CLANG_WARN_OBJC_LITERAL_CONVERSION = YES;
				CLANG_WARN_OBJC_ROOT_CLASS = YES_ERROR;
				CLANG_WARN_QUOTED_INCLUDE_IN_FRAMEWORK_HEADER = YES;
				CLANG_WARN_RANGE_LOOP_ANALYSIS = YES;
				CLANG_WARN_STRICT_PROTOTYPES = YES;
				CLANG_WARN_SUSPICIOUS_MOVE = YES;
				CLANG_WARN_UNGUARDED_AVAILABILITY = YES_AGGRESSIVE;
				CLANG_WARN_UNREACHABLE_CODE = YES;
				CLANG_WARN__DUPLICATE_METHOD_MATCH = YES;
				COPY_PHASE_STRIP = NO;
				DEBUG_INFORMATION_FORMAT = "dwarf-with-dsym";
				ENABLE_NS_ASSERTIONS = NO;
				ENABLE_STRICT_OBJC_MSGSEND = YES;
				ENABLE_USER_SCRIPT_SANDBOXING = YES;
				GCC_C_LANGUAGE_STANDARD = gnu17;
				GCC_NO_COMMON_BLOCKS = YES;
				GCC_WARN_64_TO_32_BIT_CONVERSION = YES;
				GCC_WARN_ABOUT_RETURN_TYPE = YES_ERROR;
				GCC_WARN_UNDECLARED_SELECTOR = YES;
				GCC_WARN_UNINITIALIZED_AUTOS = YES_AGGRESSIVE;
				GCC_WARN_UNUSED_FUNCTION = YES;
				GCC_WARN_UNUSED_VARIABLE = YES;
				IPHONEOS_DEPLOYMENT_TARGET = 15.0;
				LOCALIZATION_PREFERS_STRING_CATALOGS = YES;
				MTL_ENABLE_DEBUG_INFO = NO;
				MTL_FAST_MATH = YES;
				SDKROOT = iphoneos;
				SWIFT_COMPILATION_MODE = wholemodule;
				VALIDATE_PRODUCT = YES;
			};
			name = Release;
		};
		766E176C2C69C7C9004C0163 /* Debug */ = {
			isa = XCBuildConfiguration;
			buildSettings = {
				ASSETCATALOG_COMPILER_APPICON_NAME = AppIcon;
				ASSETCATALOG_COMPILER_GLOBAL_ACCENT_COLOR_NAME = AccentColor;
				CODE_SIGN_STYLE = Automatic;
				CURRENT_PROJECT_VERSION = 1;
				DEVELOPMENT_TEAM = "";
				GENERATE_INFOPLIST_FILE = YES;
				INFOPLIST_FILE = KimnJangWatch/Info.plist;
				INFOPLIST_KEY_CFBundleDisplayName = "Kim&Jang";
				INFOPLIST_KEY_LSApplicationCategoryType = "public.app-category.lifestyle";
				INFOPLIST_KEY_UIApplicationSupportsIndirectInputEvents = YES;
				INFOPLIST_KEY_UILaunchStoryboardName = LaunchScreen;
				INFOPLIST_KEY_UISupportedInterfaceOrientations_iPad = "UIInterfaceOrientationPortrait UIInterfaceOrientationPortraitUpsideDown UIInterfaceOrientationLandscapeLeft UIInterfaceOrientationLandscapeRight";
				INFOPLIST_KEY_UISupportedInterfaceOrientations_iPhone = "UIInterfaceOrientationPortrait UIInterfaceOrientationLandscapeLeft UIInterfaceOrientationLandscapeRight";
				IPHONEOS_DEPLOYMENT_TARGET = 15.0;
				LD_RUNPATH_SEARCH_PATHS = (
					"$(inherited)",
					"@executable_path/Frameworks",
				);
				MARKETING_VERSION = 1.0;
				PRODUCT_BUNDLE_IDENTIFIER = com.donghyeon.KimnJangWatch;
				PRODUCT_NAME = "$(TARGET_NAME)";
				SWIFT_EMIT_LOC_STRINGS = YES;
				SWIFT_VERSION = 5.0;
				TARGETED_DEVICE_FAMILY = "1,2";
			};
			name = Debug;
		};
		766E176D2C69C7C9004C0163 /* Release */ = {
			isa = XCBuildConfiguration;
			buildSettings = {
				ASSETCATALOG_COMPILER_APPICON_NAME = AppIcon;
				ASSETCATALOG_COMPILER_GLOBAL_ACCENT_COLOR_NAME = AccentColor;
				CODE_SIGN_STYLE = Automatic;
				CURRENT_PROJECT_VERSION = 1;
				DEVELOPMENT_TEAM = "";
				GENERATE_INFOPLIST_FILE = YES;
				INFOPLIST_FILE = KimnJangWatch/Info.plist;
				INFOPLIST_KEY_CFBundleDisplayName = "Kim&Jang";
				INFOPLIST_KEY_LSApplicationCategoryType = "public.app-category.lifestyle";
				INFOPLIST_KEY_UIApplicationSupportsIndirectInputEvents = YES;
				INFOPLIST_KEY_UILaunchStoryboardName = LaunchScreen;
				INFOPLIST_KEY_UISupportedInterfaceOrientations_iPad = "UIInterfaceOrientationPortrait UIInterfaceOrientationPortraitUpsideDown UIInterfaceOrientationLandscapeLeft UIInterfaceOrientationLandscapeRight";
				INFOPLIST_KEY_UISupportedInterfaceOrientations_iPhone = "UIInterfaceOrientationPortrait UIInterfaceOrientationLandscapeLeft UIInterfaceOrientationLandscapeRight";
				IPHONEOS_DEPLOYMENT_TARGET = 15.0;
				LD_RUNPATH_SEARCH_PATHS = (
					"$(inherited)",
					"@executable_path/Frameworks",
				);
				MARKETING_VERSION = 1.0;
				PRODUCT_BUNDLE_IDENTIFIER = com.donghyeon.KimnJangWatch;
				PRODUCT_NAME = "$(TARGET_NAME)";
				SWIFT_EMIT_LOC_STRINGS = YES;
				SWIFT_VERSION = 5.0;
				TARGETED_DEVICE_FAMILY = "1,2";
			};
			name = Release;
		};
		766E176F2C69C7C9004C0163 /* Debug */ = {
			isa = XCBuildConfiguration;
			buildSettings = {
				ALWAYS_EMBED_SWIFT_STANDARD_LIBRARIES = YES;
				BUNDLE_LOADER = "$(TEST_HOST)";
				CODE_SIGN_STYLE = Automatic;
				CURRENT_PROJECT_VERSION = 1;
				DEVELOPMENT_TEAM = 4LTNHNC3S6;
				GENERATE_INFOPLIST_FILE = YES;
				IPHONEOS_DEPLOYMENT_TARGET = 15.0;
				MARKETING_VERSION = 1.0;
				PRODUCT_BUNDLE_IDENTIFIER = "com.donghyeon.Kim-JangWatchTests";
				PRODUCT_NAME = "$(TARGET_NAME)";
				SWIFT_EMIT_LOC_STRINGS = NO;
				SWIFT_VERSION = 5.0;
				TARGETED_DEVICE_FAMILY = "1,2";
				TEST_HOST = "$(BUILT_PRODUCTS_DIR)/KimnJangWatch.app/$(BUNDLE_EXECUTABLE_FOLDER_PATH)/KimnJangWatch";
			};
			name = Debug;
		};
		766E17702C69C7C9004C0163 /* Release */ = {
			isa = XCBuildConfiguration;
			buildSettings = {
				ALWAYS_EMBED_SWIFT_STANDARD_LIBRARIES = YES;
				BUNDLE_LOADER = "$(TEST_HOST)";
				CODE_SIGN_STYLE = Automatic;
				CURRENT_PROJECT_VERSION = 1;
				DEVELOPMENT_TEAM = 4LTNHNC3S6;
				GENERATE_INFOPLIST_FILE = YES;
				IPHONEOS_DEPLOYMENT_TARGET = 15.0;
				MARKETING_VERSION = 1.0;
				PRODUCT_BUNDLE_IDENTIFIER = "com.donghyeon.Kim-JangWatchTests";
				PRODUCT_NAME = "$(TARGET_NAME)";
				SWIFT_EMIT_LOC_STRINGS = NO;
				SWIFT_VERSION = 5.0;
				TARGETED_DEVICE_FAMILY = "1,2";
				TEST_HOST = "$(BUILT_PRODUCTS_DIR)/KimnJangWatch.app/$(BUNDLE_EXECUTABLE_FOLDER_PATH)/KimnJangWatch";
			};
			name = Release;
		};
/* End XCBuildConfiguration section */

/* Begin XCConfigurationList section */
		766E173C2C69C7C7004C0163 /* Build configuration list for PBXProject "KimnJangWatch" */ = {
			isa = XCConfigurationList;
			buildConfigurations = (
				766E17692C69C7C9004C0163 /* Debug */,
				766E176A2C69C7C9004C0163 /* Release */,
			);
			defaultConfigurationIsVisible = 0;
			defaultConfigurationName = Release;
		};
		766E176B2C69C7C9004C0163 /* Build configuration list for PBXNativeTarget "KimnJangWatch" */ = {
			isa = XCConfigurationList;
			buildConfigurations = (
				766E176C2C69C7C9004C0163 /* Debug */,
				766E176D2C69C7C9004C0163 /* Release */,
			);
			defaultConfigurationIsVisible = 0;
			defaultConfigurationName = Release;
		};
		766E176E2C69C7C9004C0163 /* Build configuration list for PBXNativeTarget "KimnJangWatchTests" */ = {
			isa = XCConfigurationList;
			buildConfigurations = (
				766E176F2C69C7C9004C0163 /* Debug */,
				766E17702C69C7C9004C0163 /* Release */,
			);
			defaultConfigurationIsVisible = 0;
			defaultConfigurationName = Release;
		};
/* End XCConfigurationList section */

/* Begin XCRemoteSwiftPackageReference section */
		766E17802C69C9FB004C0163 /* XCRemoteSwiftPackageReference "SnapKit" */ = {
			isa = XCRemoteSwiftPackageReference;
			repositoryURL = "https://github.com/SnapKit/SnapKit.git";
			requirement = {
				kind = upToNextMajorVersion;
				minimumVersion = 5.7.1;
			};
		};
		766E17832C69CA28004C0163 /* XCRemoteSwiftPackageReference "RxSwift" */ = {
			isa = XCRemoteSwiftPackageReference;
			repositoryURL = "https://github.com/ReactiveX/RxSwift.git";
			requirement = {
				kind = upToNextMajorVersion;
				minimumVersion = 6.7.1;
			};
		};
/* End XCRemoteSwiftPackageReference section */

/* Begin XCSwiftPackageProductDependency section */
		766E17812C69C9FB004C0163 /* SnapKit */ = {
			isa = XCSwiftPackageProductDependency;
			package = 766E17802C69C9FB004C0163 /* XCRemoteSwiftPackageReference "SnapKit" */;
			productName = SnapKit;
		};
		766E17842C69CA28004C0163 /* RxCocoa */ = {
			isa = XCSwiftPackageProductDependency;
			package = 766E17832C69CA28004C0163 /* XCRemoteSwiftPackageReference "RxSwift" */;
			productName = RxCocoa;
		};
		766E17862C69CA28004C0163 /* RxRelay */ = {
			isa = XCSwiftPackageProductDependency;
			package = 766E17832C69CA28004C0163 /* XCRemoteSwiftPackageReference "RxSwift" */;
			productName = RxRelay;
		};
		766E17882C69CA28004C0163 /* RxSwift */ = {
			isa = XCSwiftPackageProductDependency;
			package = 766E17832C69CA28004C0163 /* XCRemoteSwiftPackageReference "RxSwift" */;
			productName = RxSwift;
		};
/* End XCSwiftPackageProductDependency section */

/* Begin XCVersionGroup section */
		76D235062C737071001F6DA4 /* AlarmData.xcdatamodeld */ = {
			isa = XCVersionGroup;
			children = (
				76D235072C737071001F6DA4 /* AlarmData.xcdatamodel */,
			);
			currentVersion = 76D235072C737071001F6DA4 /* AlarmData.xcdatamodel */;
			name = AlarmData.xcdatamodeld;
			path = /Users/kdh/Desktop/Swift/KimnJangWatch/KimnJangWatch/AlarmData.xcdatamodeld;
			sourceTree = "<group>";
			versionGroupType = wrapper.xcdatamodel;
		};
/* End XCVersionGroup section */
	};
	rootObject = 766E17392C69C7C7004C0163 /* Project object */;
}
